{
  "name": "commonplace-markdown-monorepo",
  "version": "1.0.0",
  "lockfileVersion": 3,
  "requires": true,
  "packages": {
    "": {
      "name": "commonplace-markdown-monorepo",
      "version": "1.0.0",
      "license": "ISC",
      "devDependencies": {
        "just": "^0.1.8"
      }
    },
    "node_modules/just": {
      "version": "1.0.0",
      "dev": true,
      "link": true
    }
  }
}
