{
  "name": "commonplace-markdown",
  "version": "1.0.0",
  "lockfileVersion": 3,
  "requires": true,
  "packages": {
    "": {
      "name": "commonplace-markdown",
      "version": "1.0.0",
      "license": "ISC",
      "dependencies": {
        "@commonplace/core": "0.0.1",
        "@commonplace/document-model": "file:../../cp2/document-model",
        "@commonplace/utils": "file:../../cp2/utils",
        "just": "file:../../just/just"
      }
    },
    "../../commonplace/libs/core": {
      "name": "@commonplace/core",
      "version": "0.0.1",
      "dependencies": {
        "@commonplace/utils": "../utils/src/index.js"
      }
    },
    "../../cp2/document-model": {
      "name": "@commonplace/document-model",
      "version": "0.0.1"
    },
    "../../cp2/utils": {
      "name": "@commonplace/utils",
      "version": "0.0.1"
    },
    "../../just/just": {
      "version": "1.0.0",
      "license": "ISC"
    },
    "../../utils": {
      "name": "@commonplace/utils",
      "version": "0.0.1",
      "extraneous": true
    },
    "node_modules/@commonplace/core": {
      "resolved": "../../commonplace/libs/core",
      "link": true
    },
    "node_modules/@commonplace/document-model": {
      "resolved": "../../cp2/document-model",
      "link": true
    },
    "node_modules/@commonplace/utils": {
      "resolved": "../../cp2/utils",
      "link": true
    },
    "node_modules/just": {
      "resolved": "../../just/just",
      "link": true
    }
  }
}
