{
  "name": "commonplace-markdown",
  "version": "1.0.0",
  "lockfileVersion": 3,
  "requires": true,
  "packages": {
    "": {
      "name": "commonplace-markdown",
      "version": "1.0.0",
      "license": "ISC",
      "dependencies": {
        "just": "file:../../just/just"
      }
    },
    "../../just/just": {
      "version": "1.0.0",
      "license": "ISC",
      "bin": {
        "just": "node ./index.js"
      }
    },
    "node_modules/just": {
      "resolved": "../../just/just",
      "link": true
    }
  }
}
